
Microsoft Visual Studio Solution File, Format Version 12.00
# Visual Studio 2012
Project("{8BC9CEB8-8B4A-11D0-8D11-00A0C91BC942}") = "HaiND_613958_TH5", "HaiND_613958_TH5\HaiND_613958_TH5.vcxproj", "{99449C95-D1B9-47AE-B290-8747C0C996C9}"
EndProject
Global
	GlobalSection(SolutionConfigurationPlatforms) = preSolution
		Debug|Win32 = Debug|Win32
		Release|Win32 = Release|Win32
	EndGlobalSection
	GlobalSection(ProjectConfigurationPlatforms) = postSolution
		{99449C95-D1B9-47AE-B290-8747C0C996C9}.Debug|Win32.ActiveCfg = Debug|Win32
		{99449C95-D1B9-47AE-B290-8747C0C996C9}.Debug|Win32.Build.0 = Debug|Win32
		{99449C95-D1B9-47AE-B290-8747C0C996C9}.Release|Win32.ActiveCfg = Release|Win32
		{99449C95-D1B9-47AE-B290-8747C0C996C9}.Release|Win32.Build.0 = Release|Win32
	EndGlobalSection
	GlobalSection(SolutionProperties) = preSolution
		HideSolutionNode = FALSE
	EndGlobalSection
EndGlobal
